
Microsoft Visual Studio Solution File, Format Version 12.00
# Visual Studio Version 17
VisualStudioVersion = 17.11.35312.102
MinimumVisualStudioVersion = 10.0.40219.1
Project("{FAE04EC0-301F-11D3-BF4B-00C04F79EFBC}") = "KhoThoMVP", "KhoThoMVP\KhoThoMVP.csproj", "{2974005B-477A-40CB-A897-0519AF5BDE5B}"
EndProject
Global
	GlobalSection(SolutionConfigurationPlatforms) = preSolution
		Debug|Any CPU = Debug|Any CPU
		Release|Any CPU = Release|Any CPU
	EndGlobalSection
	GlobalSection(ProjectConfigurationPlatforms) = postSolution
		{2974005B-477A-40CB-A897-0519AF5BDE5B}.Debug|Any CPU.ActiveCfg = Debug|Any CPU
		{2974005B-477A-40CB-A897-0519AF5BDE5B}.Debug|Any CPU.Build.0 = Debug|Any CPU
		{2974005B-477A-40CB-A897-0519AF5BDE5B}.Release|Any CPU.ActiveCfg = Release|Any CPU
		{2974005B-477A-40CB-A897-0519AF5BDE5B}.Release|Any CPU.Build.0 = Release|Any CPU
	EndGlobalSection
	GlobalSection(SolutionProperties) = preSolution
		HideSolutionNode = FALSE
	EndGlobalSection
	GlobalSection(ExtensibilityGlobals) = postSolution
		SolutionGuid = {2FB19FF1-53D3-49EF-B4FF-5DFA2AEE9DE0}
	EndGlobalSection
EndGlobal
